schema: '2.0'
stages:
  train_model:
    cmd: python src/training/train.py
    deps:
    - path: data/sign_mnist_test_v1.csv
      hash: md5
      md5: b3fc96cb14b199c8efde4baddb1b03b8
      size: 21777485
    - path: data/sign_mnist_train_v1.csv
      hash: md5
      md5: e42b5fb8f2be6bb2b35b0f696b598e7c
      size: 83281065
    - path: src/training/train.py
      hash: md5
      md5: 934efa9a72eb0313bcabeae11eba1b5e
      size: 4024
    outs:
    - path: metrics.json
      hash: md5
      md5: 987a6992dcb9006f31e4f331cd4e867d
      size: 105
    - path: trained_models/sign_cnn_best.pth
      hash: md5
      md5: 0d3efec4f50b256d74178bbeb332e88a
      size: 234913
