schema: '2.0'
stages:
  train_model:
    cmd: python train.py
    deps:
    - path: data/sign_mnist_test_v1.csv
      hash: md5
      md5: b3fc96cb14b199c8efde4baddb1b03b8
      size: 21777485
    - path: data/sign_mnist_train_v1.csv
      hash: md5
      md5: e42b5fb8f2be6bb2b35b0f696b598e7c
      size: 83281065
    - path: train.py
      hash: md5
      md5: cdcc8cd4f1fd42a31a2fb095769799f6
      size: 4143
    outs:
    - path: metrics.json
      hash: md5
      md5: 3f32e3c8299ece52fb13691cbf585a29
      size: 94
    - path: trained_models/sign_cnn_best.pth
      hash: md5
      md5: dda7a9396033aadedcf7cb1014acd866
      size: 234913
